// !$*UTF8*$!
{
	archiveVersion = 1;
	classes = {
	};
	objectVersion = 46;
	objects = {

/* Begin PBXBuildFile section */
		1D60589B0D05DD56006BFB54 /* main.m in Sources */ = {isa = PBXBuildFile; fileRef = 29B97316FDCFA39411CA2CEA /* main.m */; };
		1D60589F0D05DD5A006BFB54 /* Foundation.framework in Frameworks */ = {isa = PBXBuildFile; fileRef = 1D30AB110D05D00D00671497 /* Foundation.framework */; };
		41261396141B5CFA006DBF89 /* scinfo.m in Sources */ = {isa = PBXBuildFile; fileRef = 41261395141B5CFA006DBF89 /* scinfo.m */; };
		4155391C1238256D008EE206 /* crack.m in Sources */ = {isa = PBXBuildFile; fileRef = 4155391B1238256D008EE206 /* crack.m */; };
		4155393D12387017008EE206 /* sha1.c in Sources */ = {isa = PBXBuildFile; fileRef = 4155393C12387017008EE206 /* sha1.c */; };
		4155396A12387DF8008EE206 /* dump.m in Sources */ = {isa = PBXBuildFile; fileRef = 4155396912387DF8008EE206 /* dump.m */; };
		41C30A2914311408008C17DB /* out.m in Sources */ = {isa = PBXBuildFile; fileRef = 41C30A2814311408008C17DB /* out.m */; };
		41E0DF0B123752D30068268F /* Configuration.m in Sources */ = {isa = PBXBuildFile; fileRef = 41E0DF0A123752D30068268F /* Configuration.m */; };
		41E0DFD3123823030068268F /* applist.m in Sources */ = {isa = PBXBuildFile; fileRef = 41E0DFD2123823030068268F /* applist.m */; };
		AD2ABA5A1580FA9800146E30 /* CrackApp.m in Sources */ = {isa = PBXBuildFile; fileRef = AD2ABA591580FA9700146E30 /* CrackApp.m */; };
		AD838DEB159041000044E042 /* libz.dylib in Frameworks */ = {isa = PBXBuildFile; fileRef = AD838DEA159041000044E042 /* libz.dylib */; };
		AD838DFB159041DE0044E042 /* ioapi.c in Sources */ = {isa = PBXBuildFile; fileRef = AD838DF1159041DE0044E042 /* ioapi.c */; };
		AD838DFC159041DE0044E042 /* mztools.c in Sources */ = {isa = PBXBuildFile; fileRef = AD838DF3159041DE0044E042 /* mztools.c */; };
		AD838DFD159041DE0044E042 /* unzip.c in Sources */ = {isa = PBXBuildFile; fileRef = AD838DF5159041DE0044E042 /* unzip.c */; };
		AD838DFE159041DE0044E042 /* zip.c in Sources */ = {isa = PBXBuildFile; fileRef = AD838DF7159041DE0044E042 /* zip.c */; };
		AD838DFF159041DE0044E042 /* ZipArchive.mm in Sources */ = {isa = PBXBuildFile; fileRef = AD838DFA159041DE0044E042 /* ZipArchive.mm */; };
		C312656D1897A76D00D6B64F /* THANKS in Resources */ = {isa = PBXBuildFile; fileRef = C312656C1897A76D00D6B64F /* THANKS */; };
		C312656F1897AA9100D6B64F /* doxMe.bat in Resources */ = {isa = PBXBuildFile; fileRef = C312656E1897AA9100D6B64F /* doxMe.bat */; };
		C325A71218A4D3A100CF8924 /* dumpSQLFiles.sh in Resources */ = {isa = PBXBuildFile; fileRef = C325A71118A4D3A100CF8924 /* dumpSQLFiles.sh */; };
		C38C782916676CBB0013B69F /* iNalyzer5.entitlements in Resources */ = {isa = PBXBuildFile; fileRef = AD2ABA541580A71D00146E30 /* iNalyzer5.entitlements */; };
		C392807F18B94E9F004976B5 /* keychain_dumper in Resources */ = {isa = PBXBuildFile; fileRef = C392807E18B94E9F004976B5 /* keychain_dumper */; };
		C392808118B9BC6E004976B5 /* dumpPlistFiles.sh in Resources */ = {isa = PBXBuildFile; fileRef = C392808018B9BC6E004976B5 /* dumpPlistFiles.sh */; };
		C39399A218B24A6E00B414A0 /* MainWindow.xib in Resources */ = {isa = PBXBuildFile; fileRef = C39399A118B24A6E00B414A0 /* MainWindow.xib */; };
		C39399A618B266F500B414A0 /* Default.png in Resources */ = {isa = PBXBuildFile; fileRef = C39399A518B266F500B414A0 /* Default.png */; };
		C395027F1726E64100CE07A2 /* r30c5.sh in Resources */ = {isa = PBXBuildFile; fileRef = C395027E1726E64100CE07A2 /* r30c5.sh */; };
		C3AAEB3D1710C5D3007155C5 /* helper_init.cy in Resources */ = {isa = PBXBuildFile; fileRef = C3AAEB221710C5D3007155C5 /* helper_init.cy */; };
		C3AAEB3E1710C5D3007155C5 /* proc.run in Resources */ = {isa = PBXBuildFile; fileRef = C3AAEB231710C5D3007155C5 /* proc.run */; };
		C3AAEB3F1710C5D3007155C5 /* proc.kill in Resources */ = {isa = PBXBuildFile; fileRef = C3AAEB241710C5D3007155C5 /* proc.kill */; };
		C3AAEB401710C5D3007155C5 /* mi.py in Resources */ = {isa = PBXBuildFile; fileRef = C3AAEB251710C5D3007155C5 /* mi.py */; };
		C3AAEB411710C5D3007155C5 /* doxMe.sh in Resources */ = {isa = PBXBuildFile; fileRef = C3AAEB261710C5D3007155C5 /* doxMe.sh */; };
		C3AAEB421710C5D3007155C5 /* footer.html in Resources */ = {isa = PBXBuildFile; fileRef = C3AAEB271710C5D3007155C5 /* footer.html */; };
		C3AAEB431710C5D3007155C5 /* logUI.cy in Resources */ = {isa = PBXBuildFile; fileRef = C3AAEB281710C5D3007155C5 /* logUI.cy */; };
		C3AAEB461710C5D3007155C5 /* msgR.txt in Resources */ = {isa = PBXBuildFile; fileRef = C3AAEB2B1710C5D3007155C5 /* msgR.txt */; };
		C3AAEB471710C5D3007155C5 /* Info.plist in Resources */ = {isa = PBXBuildFile; fileRef = C3AAEB2C1710C5D3007155C5 /* Info.plist */; };
		C3AAEB481710C5D3007155C5 /* iNalyzer-Deamon.sh in Resources */ = {isa = PBXBuildFile; fileRef = C3AAEB2D1710C5D3007155C5 /* iNalyzer-Deamon.sh */; };
		C3AAEB491710C5D3007155C5 /* iNalyzer in Resources */ = {isa = PBXBuildFile; fileRef = C3AAEB2E1710C5D3007155C5 /* iNalyzer */; };
		C3AAEB4A1710C5D3007155C5 /* msgD.txt in Resources */ = {isa = PBXBuildFile; fileRef = C3AAEB2F1710C5D3007155C5 /* msgD.txt */; };
		C3AAEB4B1710C5D3007155C5 /* com.appsec-labs.inalyzer5.Startup.plist in Resources */ = {isa = PBXBuildFile; fileRef = C3AAEB301710C5D3007155C5 /* com.appsec-labs.inalyzer5.Startup.plist */; };
		C3AAEB4C1710C5D3007155C5 /* com.appsec-labs.inalyzer5.Shutdown.plist in Resources */ = {isa = PBXBuildFile; fileRef = C3AAEB311710C5D3007155C5 /* com.appsec-labs.inalyzer5.Shutdown.plist */; };
		C3AAEB4D1710C5D3007155C5 /* utills.cy in Resources */ = {isa = PBXBuildFile; fileRef = C3AAEB321710C5D3007155C5 /* utills.cy */; };
		C3AAEB4E1710C5D3007155C5 /* Menu.sh in Resources */ = {isa = PBXBuildFile; fileRef = C3AAEB331710C5D3007155C5 /* Menu.sh */; };
		C3AAEB4F1710C5D3007155C5 /* libsubjc.cy in Resources */ = {isa = PBXBuildFile; fileRef = C3AAEB341710C5D3007155C5 /* libsubjc.cy */; };
		C3AAEB501710C5D3007155C5 /* packApp.sh in Resources */ = {isa = PBXBuildFile; fileRef = C3AAEB351710C5D3007155C5 /* packApp.sh */; };
		C3AAEB511710C5D3007155C5 /* listApp.sh in Resources */ = {isa = PBXBuildFile; fileRef = C3AAEB361710C5D3007155C5 /* listApp.sh */; };
		C3AAEB531710C5D3007155C5 /* PkgInfo in Resources */ = {isa = PBXBuildFile; fileRef = C3AAEB381710C5D3007155C5 /* PkgInfo */; };
		C3AAEB541710C5D3007155C5 /* logo.png in Resources */ = {isa = PBXBuildFile; fileRef = C3AAEB391710C5D3007155C5 /* logo.png */; };
		C3AAEB551710C5D3007155C5 /* logo.gif in Resources */ = {isa = PBXBuildFile; fileRef = C3AAEB3A1710C5D3007155C5 /* logo.gif */; };
		C3AAEB561710C5D3007155C5 /* icon.png in Resources */ = {isa = PBXBuildFile; fileRef = C3AAEB3B1710C5D3007155C5 /* icon.png */; };
		C3AAEB571710C5D3007155C5 /* dox.template in Resources */ = {isa = PBXBuildFile; fileRef = C3AAEB3C1710C5D3007155C5 /* dox.template */; };
		C3E61BCA18BA271200192161 /* BinaryCookieReader.py in Resources */ = {isa = PBXBuildFile; fileRef = C3E61BC918BA271200192161 /* BinaryCookieReader.py */; };
		C3E61BCC18BA76DB00192161 /* dumpKeychain.sh in Resources */ = {isa = PBXBuildFile; fileRef = C3E61BCB18BA76DB00192161 /* dumpKeychain.sh */; };
		C3E61BCE18BB3C8300192161 /* README.md in Resources */ = {isa = PBXBuildFile; fileRef = C3E61BCD18BB3C8300192161 /* README.md */; };
/* End PBXBuildFile section */

/* Begin PBXFileReference section */
		1D30AB110D05D00D00671497 /* Foundation.framework */ = {isa = PBXFileReference; lastKnownFileType = wrapper.framework; name = Foundation.framework; path = System/Library/Frameworks/Foundation.framework; sourceTree = SDKROOT; };
		1D6058910D05DD3D006BFB54 /* iNalyzer5.app */ = {isa = PBXFileReference; explicitFileType = wrapper.application; includeInIndex = 0; path = iNalyzer5.app; sourceTree = BUILT_PRODUCTS_DIR; };
		29B97316FDCFA39411CA2CEA /* main.m */ = {isa = PBXFileReference; fileEncoding = 4; lastKnownFileType = sourcecode.c.objc; path = main.m; sourceTree = "<group>"; };
		32CA4F630368D1EE00C91783 /* iNalyzer5_Prefix.pch */ = {isa = PBXFileReference; fileEncoding = 4; lastKnownFileType = sourcecode.c.h; path = iNalyzer5_Prefix.pch; sourceTree = "<group>"; };
		41261392141B5C8D006DBF89 /* scinfo.h */ = {isa = PBXFileReference; fileEncoding = 4; lastKnownFileType = sourcecode.c.h; path = scinfo.h; sourceTree = "<group>"; };
		41261395141B5CFA006DBF89 /* scinfo.m */ = {isa = PBXFileReference; fileEncoding = 4; lastKnownFileType = sourcecode.c.objc; path = scinfo.m; sourceTree = "<group>"; };
		4155391A1238256D008EE206 /* crack.h */ = {isa = PBXFileReference; fileEncoding = 4; lastKnownFileType = sourcecode.c.h; path = crack.h; sourceTree = "<group>"; };
		4155391B1238256D008EE206 /* crack.m */ = {isa = PBXFileReference; fileEncoding = 4; lastKnownFileType = sourcecode.c.objc; lineEnding = 0; path = crack.m; sourceTree = "<group>"; xcLanguageSpecificationIdentifier = xcode.lang.objc; };
		4155393B12387017008EE206 /* sha1.h */ = {isa = PBXFileReference; fileEncoding = 4; lastKnownFileType = sourcecode.c.h; path = sha1.h; sourceTree = "<group>"; };
		4155393C12387017008EE206 /* sha1.c */ = {isa = PBXFileReference; fileEncoding = 4; lastKnownFileType = sourcecode.c.c; path = sha1.c; sourceTree = "<group>"; };
		4155396812387DF8008EE206 /* dump.h */ = {isa = PBXFileReference; fileEncoding = 4; lastKnownFileType = sourcecode.c.h; path = dump.h; sourceTree = "<group>"; };
		4155396912387DF8008EE206 /* dump.m */ = {isa = PBXFileReference; fileEncoding = 4; lastKnownFileType = sourcecode.c.objc; path = dump.m; sourceTree = "<group>"; };
		41C30A2814311408008C17DB /* out.m */ = {isa = PBXFileReference; fileEncoding = 4; lastKnownFileType = sourcecode.c.objc; path = out.m; sourceTree = "<group>"; };
		41C30A2A14311416008C17DB /* out.h */ = {isa = PBXFileReference; fileEncoding = 4; lastKnownFileType = sourcecode.c.h; path = out.h; sourceTree = "<group>"; };
		41E0DF09123752D30068268F /* Configuration.h */ = {isa = PBXFileReference; fileEncoding = 4; lastKnownFileType = sourcecode.c.h; name = Configuration.h; path = Classes/Configuration.h; sourceTree = "<group>"; };
		41E0DF0A123752D30068268F /* Configuration.m */ = {isa = PBXFileReference; fileEncoding = 4; lastKnownFileType = sourcecode.c.objc; name = Configuration.m; path = Classes/Configuration.m; sourceTree = "<group>"; };
		41E0DFD1123823030068268F /* applist.h */ = {isa = PBXFileReference; fileEncoding = 4; lastKnownFileType = sourcecode.c.h; path = applist.h; sourceTree = "<group>"; };
		41E0DFD2123823030068268F /* applist.m */ = {isa = PBXFileReference; fileEncoding = 4; lastKnownFileType = sourcecode.c.objc; path = applist.m; sourceTree = "<group>"; };
		8D1107310486CEB800E47090 /* iNalyzer5-Info.plist */ = {isa = PBXFileReference; fileEncoding = 4; lastKnownFileType = text.plist.xml; path = "iNalyzer5-Info.plist"; plistStructureDefinitionIdentifier = "com.apple.xcode.plist.structure-definition.iphone.info-plist"; sourceTree = "<group>"; };
		AD2ABA541580A71D00146E30 /* iNalyzer5.entitlements */ = {isa = PBXFileReference; lastKnownFileType = text.xml; path = iNalyzer5.entitlements; sourceTree = "<group>"; };
		AD2ABA581580FA9700146E30 /* CrackApp.h */ = {isa = PBXFileReference; fileEncoding = 4; lastKnownFileType = sourcecode.c.h; path = CrackApp.h; sourceTree = "<group>"; };
		AD2ABA591580FA9700146E30 /* CrackApp.m */ = {isa = PBXFileReference; fileEncoding = 4; lastKnownFileType = sourcecode.c.objc; path = CrackApp.m; sourceTree = "<group>"; };
		AD838DCC158F7FCE0044E042 /* NSTask.h */ = {isa = PBXFileReference; lastKnownFileType = sourcecode.c.h; path = NSTask.h; sourceTree = "<group>"; };
		AD838DEA159041000044E042 /* libz.dylib */ = {isa = PBXFileReference; lastKnownFileType = "compiled.mach-o.dylib"; name = libz.dylib; path = usr/lib/libz.dylib; sourceTree = SDKROOT; };
		AD838DF0159041DE0044E042 /* crypt.h */ = {isa = PBXFileReference; fileEncoding = 4; lastKnownFileType = sourcecode.c.h; path = crypt.h; sourceTree = "<group>"; };
		AD838DF1159041DE0044E042 /* ioapi.c */ = {isa = PBXFileReference; fileEncoding = 4; lastKnownFileType = sourcecode.c.c; path = ioapi.c; sourceTree = "<group>"; };
		AD838DF2159041DE0044E042 /* ioapi.h */ = {isa = PBXFileReference; fileEncoding = 4; lastKnownFileType = sourcecode.c.h; path = ioapi.h; sourceTree = "<group>"; };
		AD838DF3159041DE0044E042 /* mztools.c */ = {isa = PBXFileReference; fileEncoding = 4; lastKnownFileType = sourcecode.c.c; path = mztools.c; sourceTree = "<group>"; };
		AD838DF4159041DE0044E042 /* mztools.h */ = {isa = PBXFileReference; fileEncoding = 4; lastKnownFileType = sourcecode.c.h; path = mztools.h; sourceTree = "<group>"; };
		AD838DF5159041DE0044E042 /* unzip.c */ = {isa = PBXFileReference; fileEncoding = 4; lastKnownFileType = sourcecode.c.c; path = unzip.c; sourceTree = "<group>"; };
		AD838DF6159041DE0044E042 /* unzip.h */ = {isa = PBXFileReference; fileEncoding = 4; lastKnownFileType = sourcecode.c.h; path = unzip.h; sourceTree = "<group>"; };
		AD838DF7159041DE0044E042 /* zip.c */ = {isa = PBXFileReference; fileEncoding = 4; lastKnownFileType = sourcecode.c.c; path = zip.c; sourceTree = "<group>"; };
		AD838DF8159041DE0044E042 /* zip.h */ = {isa = PBXFileReference; fileEncoding = 4; lastKnownFileType = sourcecode.c.h; path = zip.h; sourceTree = "<group>"; };
		AD838DF9159041DE0044E042 /* ZipArchive.h */ = {isa = PBXFileReference; fileEncoding = 4; lastKnownFileType = sourcecode.c.h; path = ZipArchive.h; sourceTree = "<group>"; };
		AD838DFA159041DE0044E042 /* ZipArchive.mm */ = {isa = PBXFileReference; fileEncoding = 4; lastKnownFileType = sourcecode.cpp.objcpp; path = ZipArchive.mm; sourceTree = "<group>"; };
		C312656C1897A76D00D6B64F /* THANKS */ = {isa = PBXFileReference; fileEncoding = 4; lastKnownFileType = text; path = THANKS; sourceTree = "<group>"; };
		C312656E1897AA9100D6B64F /* doxMe.bat */ = {isa = PBXFileReference; fileEncoding = 4; lastKnownFileType = text; path = doxMe.bat; sourceTree = "<group>"; };
		C325A71118A4D3A100CF8924 /* dumpSQLFiles.sh */ = {isa = PBXFileReference; fileEncoding = 4; lastKnownFileType = text.script.sh; path = dumpSQLFiles.sh; sourceTree = "<group>"; };
		C392807E18B94E9F004976B5 /* keychain_dumper */ = {isa = PBXFileReference; lastKnownFileType = "compiled.mach-o.executable"; path = keychain_dumper; sourceTree = "<group>"; };
		C392808018B9BC6E004976B5 /* dumpPlistFiles.sh */ = {isa = PBXFileReference; fileEncoding = 4; lastKnownFileType = text.script.sh; path = dumpPlistFiles.sh; sourceTree = "<group>"; };
		C39399A118B24A6E00B414A0 /* MainWindow.xib */ = {isa = PBXFileReference; fileEncoding = 4; lastKnownFileType = file.xib; path = MainWindow.xib; sourceTree = "<group>"; };
		C39399A518B266F500B414A0 /* Default.png */ = {isa = PBXFileReference; lastKnownFileType = image.png; path = Default.png; sourceTree = "<group>"; };
		C395027E1726E64100CE07A2 /* r30c5.sh */ = {isa = PBXFileReference; fileEncoding = 4; lastKnownFileType = text.script.sh; path = r30c5.sh; sourceTree = "<group>"; };
		C3AAEB221710C5D3007155C5 /* helper_init.cy */ = {isa = PBXFileReference; fileEncoding = 4; lastKnownFileType = text; path = helper_init.cy; sourceTree = "<group>"; };
		C3AAEB231710C5D3007155C5 /* proc.run */ = {isa = PBXFileReference; fileEncoding = 4; lastKnownFileType = text; path = proc.run; sourceTree = "<group>"; };
		C3AAEB241710C5D3007155C5 /* proc.kill */ = {isa = PBXFileReference; fileEncoding = 4; lastKnownFileType = text; path = proc.kill; sourceTree = "<group>"; };
		C3AAEB251710C5D3007155C5 /* mi.py */ = {isa = PBXFileReference; fileEncoding = 4; lastKnownFileType = text.script.python; path = mi.py; sourceTree = "<group>"; };
		C3AAEB261710C5D3007155C5 /* doxMe.sh */ = {isa = PBXFileReference; fileEncoding = 4; lastKnownFileType = text.script.sh; path = doxMe.sh; sourceTree = "<group>"; };
		C3AAEB271710C5D3007155C5 /* footer.html */ = {isa = PBXFileReference; fileEncoding = 4; lastKnownFileType = text.html; path = footer.html; sourceTree = "<group>"; };
		C3AAEB281710C5D3007155C5 /* logUI.cy */ = {isa = PBXFileReference; fileEncoding = 4; lastKnownFileType = text; path = logUI.cy; sourceTree = "<group>"; };
		C3AAEB2A1710C5D3007155C5 /* libsubjc.dylib */ = {isa = PBXFileReference; lastKnownFileType = "compiled.mach-o.dylib"; path = libsubjc.dylib; sourceTree = "<group>"; };
		C3AAEB2B1710C5D3007155C5 /* msgR.txt */ = {isa = PBXFileReference; fileEncoding = 4; lastKnownFileType = text; path = msgR.txt; sourceTree = "<group>"; };
		C3AAEB2C1710C5D3007155C5 /* Info.plist */ = {isa = PBXFileReference; lastKnownFileType = file.bplist; path = Info.plist; sourceTree = "<group>"; };
		C3AAEB2D1710C5D3007155C5 /* iNalyzer-Deamon.sh */ = {isa = PBXFileReference; fileEncoding = 4; lastKnownFileType = text.script.sh; path = "iNalyzer-Deamon.sh"; sourceTree = "<group>"; };
		C3AAEB2E1710C5D3007155C5 /* iNalyzer */ = {isa = PBXFileReference; fileEncoding = 4; lastKnownFileType = text; path = iNalyzer; sourceTree = "<group>"; };
		C3AAEB2F1710C5D3007155C5 /* msgD.txt */ = {isa = PBXFileReference; fileEncoding = 4; lastKnownFileType = text; path = msgD.txt; sourceTree = "<group>"; };
		C3AAEB301710C5D3007155C5 /* com.appsec-labs.inalyzer5.Startup.plist */ = {isa = PBXFileReference; fileEncoding = 4; lastKnownFileType = text.plist.xml; path = "com.appsec-labs.inalyzer5.Startup.plist"; sourceTree = "<group>"; };
		C3AAEB311710C5D3007155C5 /* com.appsec-labs.inalyzer5.Shutdown.plist */ = {isa = PBXFileReference; fileEncoding = 4; lastKnownFileType = text.plist.xml; path = "com.appsec-labs.inalyzer5.Shutdown.plist"; sourceTree = "<group>"; };
		C3AAEB321710C5D3007155C5 /* utills.cy */ = {isa = PBXFileReference; fileEncoding = 4; lastKnownFileType = text; path = utills.cy; sourceTree = "<group>"; };
		C3AAEB331710C5D3007155C5 /* Menu.sh */ = {isa = PBXFileReference; fileEncoding = 4; lastKnownFileType = text.script.sh; path = Menu.sh; sourceTree = "<group>"; };
		C3AAEB341710C5D3007155C5 /* libsubjc.cy */ = {isa = PBXFileReference; fileEncoding = 4; lastKnownFileType = text; path = libsubjc.cy; sourceTree = "<group>"; };
		C3AAEB351710C5D3007155C5 /* packApp.sh */ = {isa = PBXFileReference; fileEncoding = 4; lastKnownFileType = text.script.sh; path = packApp.sh; sourceTree = "<group>"; };
		C3AAEB361710C5D3007155C5 /* listApp.sh */ = {isa = PBXFileReference; fileEncoding = 4; lastKnownFileType = text.script.sh; path = listApp.sh; sourceTree = "<group>"; };
		C3AAEB381710C5D3007155C5 /* PkgInfo */ = {isa = PBXFileReference; fileEncoding = 4; lastKnownFileType = text; path = PkgInfo; sourceTree = "<group>"; };
		C3AAEB391710C5D3007155C5 /* logo.png */ = {isa = PBXFileReference; lastKnownFileType = image.png; path = logo.png; sourceTree = "<group>"; };
		C3AAEB3A1710C5D3007155C5 /* logo.gif */ = {isa = PBXFileReference; lastKnownFileType = image.gif; path = logo.gif; sourceTree = "<group>"; };
		C3AAEB3B1710C5D3007155C5 /* icon.png */ = {isa = PBXFileReference; lastKnownFileType = image.png; path = icon.png; sourceTree = "<group>"; };
		C3AAEB3C1710C5D3007155C5 /* dox.template */ = {isa = PBXFileReference; fileEncoding = 4; lastKnownFileType = text; path = dox.template; sourceTree = "<group>"; };
		C3E61BC918BA271200192161 /* BinaryCookieReader.py */ = {isa = PBXFileReference; fileEncoding = 4; lastKnownFileType = text.script.python; path = BinaryCookieReader.py; sourceTree = "<group>"; };
		C3E61BCB18BA76DB00192161 /* dumpKeychain.sh */ = {isa = PBXFileReference; fileEncoding = 4; lastKnownFileType = text.script.sh; path = dumpKeychain.sh; sourceTree = "<group>"; };
		C3E61BCD18BB3C8300192161 /* README.md */ = {isa = PBXFileReference; fileEncoding = 4; lastKnownFileType = text; path = README.md; sourceTree = "<group>"; };
/* End PBXFileReference section */

/* Begin PBXFrameworksBuildPhase section */
		1D60588F0D05DD3D006BFB54 /* Frameworks */ = {
			isa = PBXFrameworksBuildPhase;
			buildActionMask = 2147483647;
			files = (
				AD838DEB159041000044E042 /* libz.dylib in Frameworks */,
				1D60589F0D05DD5A006BFB54 /* Foundation.framework in Frameworks */,
			);
			runOnlyForDeploymentPostprocessing = 0;
		};
/* End PBXFrameworksBuildPhase section */

/* Begin PBXGroup section */
		080E96DDFE201D6D7F000001 /* Classes */ = {
			isa = PBXGroup;
			children = (
			);
			path = Classes;
			sourceTree = "<group>";
		};
		19C28FACFE9D520D11CA2CBB /* Products */ = {
			isa = PBXGroup;
			children = (
				1D6058910D05DD3D006BFB54 /* iNalyzer5.app */,
			);
			name = Products;
			sourceTree = "<group>";
		};
		29B97314FDCFA39411CA2CEA /* CustomTemplate */ = {
			isa = PBXGroup;
			children = (
				AD838DEA159041000044E042 /* libz.dylib */,
				AD2ABA541580A71D00146E30 /* iNalyzer5.entitlements */,
				080E96DDFE201D6D7F000001 /* Classes */,
				29B97315FDCFA39411CA2CEA /* Other Sources */,
				29B97317FDCFA39411CA2CEA /* Resources */,
				29B97323FDCFA39411CA2CEA /* Frameworks */,
				19C28FACFE9D520D11CA2CBB /* Products */,
			);
			name = CustomTemplate;
			sourceTree = "<group>";
		};
		29B97315FDCFA39411CA2CEA /* Other Sources */ = {
			isa = PBXGroup;
			children = (
				AD838DEF159041DE0044E042 /* zip */,
				4155391A1238256D008EE206 /* crack.h */,
				4155391B1238256D008EE206 /* crack.m */,
				AD2ABA591580FA9700146E30 /* CrackApp.m */,
				AD2ABA581580FA9700146E30 /* CrackApp.h */,
				41C30A2814311408008C17DB /* out.m */,
				41C30A2A14311416008C17DB /* out.h */,
				41261392141B5C8D006DBF89 /* scinfo.h */,
				41261395141B5CFA006DBF89 /* scinfo.m */,
				4155396812387DF8008EE206 /* dump.h */,
				4155396912387DF8008EE206 /* dump.m */,
				4155393B12387017008EE206 /* sha1.h */,
				4155393C12387017008EE206 /* sha1.c */,
				32CA4F630368D1EE00C91783 /* iNalyzer5_Prefix.pch */,
				41E0DF09123752D30068268F /* Configuration.h */,
				41E0DF0A123752D30068268F /* Configuration.m */,
				29B97316FDCFA39411CA2CEA /* main.m */,
				41E0DFD1123823030068268F /* applist.h */,
				41E0DFD2123823030068268F /* applist.m */,
				AD838DCC158F7FCE0044E042 /* NSTask.h */,
			);
			name = "Other Sources";
			sourceTree = "<group>";
		};
		29B97317FDCFA39411CA2CEA /* Resources */ = {
			isa = PBXGroup;
			children = (
				C3E61BC918BA271200192161 /* BinaryCookieReader.py */,
				C392807E18B94E9F004976B5 /* keychain_dumper */,
				C3AAEB221710C5D3007155C5 /* helper_init.cy */,
				C3AAEB231710C5D3007155C5 /* proc.run */,
				C3AAEB241710C5D3007155C5 /* proc.kill */,
				C3AAEB251710C5D3007155C5 /* mi.py */,
				C3AAEB261710C5D3007155C5 /* doxMe.sh */,
				C3AAEB271710C5D3007155C5 /* footer.html */,
				C3AAEB281710C5D3007155C5 /* logUI.cy */,
				C3E61BCD18BB3C8300192161 /* README.md */,
				C3AAEB2A1710C5D3007155C5 /* libsubjc.dylib */,
				C3AAEB2B1710C5D3007155C5 /* msgR.txt */,
				C3AAEB2C1710C5D3007155C5 /* Info.plist */,
				C3AAEB2D1710C5D3007155C5 /* iNalyzer-Deamon.sh */,
				C3AAEB2E1710C5D3007155C5 /* iNalyzer */,
				C3AAEB2F1710C5D3007155C5 /* msgD.txt */,
				C3AAEB301710C5D3007155C5 /* com.appsec-labs.inalyzer5.Startup.plist */,
				C395027E1726E64100CE07A2 /* r30c5.sh */,
				C392808018B9BC6E004976B5 /* dumpPlistFiles.sh */,
				C3E61BCB18BA76DB00192161 /* dumpKeychain.sh */,
				C325A71118A4D3A100CF8924 /* dumpSQLFiles.sh */,
				C3AAEB311710C5D3007155C5 /* com.appsec-labs.inalyzer5.Shutdown.plist */,
				C3AAEB321710C5D3007155C5 /* utills.cy */,
				C3AAEB331710C5D3007155C5 /* Menu.sh */,
				C3AAEB341710C5D3007155C5 /* libsubjc.cy */,
				C3AAEB351710C5D3007155C5 /* packApp.sh */,
				C3AAEB361710C5D3007155C5 /* listApp.sh */,
				C39399A518B266F500B414A0 /* Default.png */,
				C3AAEB381710C5D3007155C5 /* PkgInfo */,
				C3AAEB391710C5D3007155C5 /* logo.png */,
				C3AAEB3A1710C5D3007155C5 /* logo.gif */,
				C3AAEB3B1710C5D3007155C5 /* icon.png */,
				C3AAEB3C1710C5D3007155C5 /* dox.template */,
				8D1107310486CEB800E47090 /* iNalyzer5-Info.plist */,
				C312656C1897A76D00D6B64F /* THANKS */,
				C312656E1897AA9100D6B64F /* doxMe.bat */,
				C39399A118B24A6E00B414A0 /* MainWindow.xib */,
			);
			name = Resources;
			sourceTree = "<group>";
		};
		29B97323FDCFA39411CA2CEA /* Frameworks */ = {
			isa = PBXGroup;
			children = (
				1D30AB110D05D00D00671497 /* Foundation.framework */,
			);
			name = Frameworks;
			sourceTree = "<group>";
		};
		AD838DEF159041DE0044E042 /* zip */ = {
			isa = PBXGroup;
			children = (
				AD838DF0159041DE0044E042 /* crypt.h */,
				AD838DF1159041DE0044E042 /* ioapi.c */,
				AD838DF2159041DE0044E042 /* ioapi.h */,
				AD838DF3159041DE0044E042 /* mztools.c */,
				AD838DF4159041DE0044E042 /* mztools.h */,
				AD838DF5159041DE0044E042 /* unzip.c */,
				AD838DF6159041DE0044E042 /* unzip.h */,
				AD838DF7159041DE0044E042 /* zip.c */,
				AD838DF8159041DE0044E042 /* zip.h */,
				AD838DF9159041DE0044E042 /* ZipArchive.h */,
				AD838DFA159041DE0044E042 /* ZipArchive.mm */,
			);
			name = zip;
			path = Classes/zip;
			sourceTree = "<group>";
		};
/* End PBXGroup section */

/* Begin PBXNativeTarget section */
		1D6058900D05DD3D006BFB54 /* iNalyzer5 */ = {
			isa = PBXNativeTarget;
			buildConfigurationList = 1D6058960D05DD3E006BFB54 /* Build configuration list for PBXNativeTarget "iNalyzer5" */;
			buildPhases = (
				1D60588D0D05DD3D006BFB54 /* Resources */,
				1D60588E0D05DD3D006BFB54 /* Sources */,
				1D60588F0D05DD3D006BFB54 /* Frameworks */,
				41E0DE311237440B0068268F /* ShellScript */,
				4160AFE31299CAD50039AD8C /* ShellScript */,
			);
			buildRules = (
			);
			dependencies = (
			);
			name = iNalyzer5;
			productName = iNalyzer5;
			productReference = 1D6058910D05DD3D006BFB54 /* iNalyzer5.app */;
			productType = "com.apple.product-type.application";
		};
/* End PBXNativeTarget section */

/* Begin PBXProject section */
		29B97313FDCFA39411CA2CEA /* Project object */ = {
			isa = PBXProject;
			attributes = {
				LastUpgradeCheck = 0420;
			};
			buildConfigurationList = C01FCF4E08A954540054247B /* Build configuration list for PBXProject "iNalyzer5" */;
			compatibilityVersion = "Xcode 3.2";
			developmentRegion = English;
			hasScannedForEncodings = 1;
			knownRegions = (
				en,
			);
			mainGroup = 29B97314FDCFA39411CA2CEA /* CustomTemplate */;
			projectDirPath = "";
			projectRoot = "";
			targets = (
				1D6058900D05DD3D006BFB54 /* iNalyzer5 */,
			);
		};
/* End PBXProject section */

/* Begin PBXResourcesBuildPhase section */
		1D60588D0D05DD3D006BFB54 /* Resources */ = {
			isa = PBXResourcesBuildPhase;
			buildActionMask = 2147483647;
			files = (
				C38C782916676CBB0013B69F /* iNalyzer5.entitlements in Resources */,
				C3AAEB3D1710C5D3007155C5 /* helper_init.cy in Resources */,
				C3AAEB3E1710C5D3007155C5 /* proc.run in Resources */,
				C3AAEB3F1710C5D3007155C5 /* proc.kill in Resources */,
				C39399A618B266F500B414A0 /* Default.png in Resources */,
				C312656F1897AA9100D6B64F /* doxMe.bat in Resources */,
				C3E61BCE18BB3C8300192161 /* README.md in Resources */,
				C3AAEB401710C5D3007155C5 /* mi.py in Resources */,
				C392807F18B94E9F004976B5 /* keychain_dumper in Resources */,
				C3AAEB411710C5D3007155C5 /* doxMe.sh in Resources */,
				C3AAEB421710C5D3007155C5 /* footer.html in Resources */,
				C325A71218A4D3A100CF8924 /* dumpSQLFiles.sh in Resources */,
				C39399A218B24A6E00B414A0 /* MainWindow.xib in Resources */,
				C3E61BCA18BA271200192161 /* BinaryCookieReader.py in Resources */,
				C3AAEB431710C5D3007155C5 /* logUI.cy in Resources */,
				C3AAEB461710C5D3007155C5 /* msgR.txt in Resources */,
				C3AAEB471710C5D3007155C5 /* Info.plist in Resources */,
				C3AAEB481710C5D3007155C5 /* iNalyzer-Deamon.sh in Resources */,
				C3AAEB491710C5D3007155C5 /* iNalyzer in Resources */,
				C392808118B9BC6E004976B5 /* dumpPlistFiles.sh in Resources */,
				C3AAEB4A1710C5D3007155C5 /* msgD.txt in Resources */,
				C3AAEB4B1710C5D3007155C5 /* com.appsec-labs.inalyzer5.Startup.plist in Resources */,
				C3AAEB4C1710C5D3007155C5 /* com.appsec-labs.inalyzer5.Shutdown.plist in Resources */,
				C3AAEB4D1710C5D3007155C5 /* utills.cy in Resources */,
				C3AAEB4E1710C5D3007155C5 /* Menu.sh in Resources */,
				C3AAEB4F1710C5D3007155C5 /* libsubjc.cy in Resources */,
				C3AAEB501710C5D3007155C5 /* packApp.sh in Resources */,
				C3AAEB511710C5D3007155C5 /* listApp.sh in Resources */,
				C3AAEB531710C5D3007155C5 /* PkgInfo in Resources */,
				C3AAEB541710C5D3007155C5 /* logo.png in Resources */,
				C3AAEB551710C5D3007155C5 /* logo.gif in Resources */,
				C3AAEB561710C5D3007155C5 /* icon.png in Resources */,
				C3AAEB571710C5D3007155C5 /* dox.template in Resources */,
				C395027F1726E64100CE07A2 /* r30c5.sh in Resources */,
				C312656D1897A76D00D6B64F /* THANKS in Resources */,
				C3E61BCC18BA76DB00192161 /* dumpKeychain.sh in Resources */,
			);
			runOnlyForDeploymentPostprocessing = 0;
		};
/* End PBXResourcesBuildPhase section */

/* Begin PBXShellScriptBuildPhase section */
		4160AFE31299CAD50039AD8C /* ShellScript */ = {
			isa = PBXShellScriptBuildPhase;
			buildActionMask = 2147483647;
			files = (
			);
			inputPaths = (
			);
			outputPaths = (
			);
			runOnlyForDeploymentPostprocessing = 0;
			shellPath = /bin/sh;
			shellScript = "";
		};
		41E0DE311237440B0068268F /* ShellScript */ = {
			isa = PBXShellScriptBuildPhase;
			buildActionMask = 2147483647;
			files = (
			);
			inputPaths = (
			);
			outputPaths = (
			);
			runOnlyForDeploymentPostprocessing = 0;
			shellPath = /bin/sh;
			shellScript = "export CODESIGN_ALLOCATE=/Library/JailCoder/codesign_allocate\nif [ \"${PLATFORM_NAME}\" == \"iphoneos\" ]; then\n/Library/JailCoder/Entitlements/Entitlements.py \"my.company.${PROJECT_NAME}\" \"${BUILT_PRODUCTS_DIR}/${WRAPPER_NAME}/${PROJECT_NAME}.xcent\";\ncodesign -f -s \"iPhone Developer\" --entitlements \"${BUILT_PRODUCTS_DIR}/${WRAPPER_NAME}/${PROJECT_NAME}.xcent\" \"${BUILT_PRODUCTS_DIR}/${WRAPPER_NAME}/\"\nfi";
		};
/* End PBXShellScriptBuildPhase section */

/* Begin PBXSourcesBuildPhase section */
		1D60588E0D05DD3D006BFB54 /* Sources */ = {
			isa = PBXSourcesBuildPhase;
			buildActionMask = 2147483647;
			files = (
				1D60589B0D05DD56006BFB54 /* main.m in Sources */,
				41E0DF0B123752D30068268F /* Configuration.m in Sources */,
				41E0DFD3123823030068268F /* applist.m in Sources */,
				4155391C1238256D008EE206 /* crack.m in Sources */,
				4155393D12387017008EE206 /* sha1.c in Sources */,
				4155396A12387DF8008EE206 /* dump.m in Sources */,
				41261396141B5CFA006DBF89 /* scinfo.m in Sources */,
				41C30A2914311408008C17DB /* out.m in Sources */,
				AD2ABA5A1580FA9800146E30 /* CrackApp.m in Sources */,
				AD838DFB159041DE0044E042 /* ioapi.c in Sources */,
				AD838DFC159041DE0044E042 /* mztools.c in Sources */,
				AD838DFD159041DE0044E042 /* unzip.c in Sources */,
				AD838DFE159041DE0044E042 /* zip.c in Sources */,
				AD838DFF159041DE0044E042 /* ZipArchive.mm in Sources */,
			);
			runOnlyForDeploymentPostprocessing = 0;
		};
/* End PBXSourcesBuildPhase section */

/* Begin XCBuildConfiguration section */
		1D6058940D05DD3E006BFB54 /* Debug */ = {
			isa = XCBuildConfiguration;
			buildSettings = {
				ALWAYS_SEARCH_USER_PATHS = NO;
				CODE_SIGN_ENTITLEMENTS = iNalyzer5.entitlements;
				CODE_SIGN_IDENTITY = "";
				"CODE_SIGN_IDENTITY[sdk=iphoneos*]" = "";
				COPY_PHASE_STRIP = NO;
				FRAMEWORK_SEARCH_PATHS = (
					"$(inherited)",
					"\"$(SRCROOT)\"",
				);
				GCC_DYNAMIC_NO_PIC = NO;
				GCC_OPTIMIZATION_LEVEL = 0;
				GCC_PRECOMPILE_PREFIX_HEADER = YES;
				GCC_PREFIX_HEADER = iNalyzer5_Prefix.pch;
				GCC_VERSION = com.apple.compilers.llvm.clang.1_0;
				INFOPLIST_FILE = "iNalyzer5-Info.plist";
				IPHONEOS_DEPLOYMENT_TARGET = 6.0;
				LIBRARY_SEARCH_PATHS = (
					"$(inherited)",
					"\"$(SRCROOT)\"",
				);
				PRODUCT_NAME = iNalyzer5;
			};
			name = Debug;
		};
		1D6058950D05DD3E006BFB54 /* Release */ = {
			isa = XCBuildConfiguration;
			buildSettings = {
				ALWAYS_SEARCH_USER_PATHS = NO;
				CODE_SIGN_ENTITLEMENTS = iNalyzer5.entitlements;
				CODE_SIGN_IDENTITY = "";
				"CODE_SIGN_IDENTITY[sdk=*]" = "";
				COPY_PHASE_STRIP = YES;
				FRAMEWORK_SEARCH_PATHS = (
					"$(inherited)",
					"\"$(SRCROOT)\"",
				);
				GCC_PRECOMPILE_PREFIX_HEADER = YES;
				GCC_PREFIX_HEADER = iNalyzer5_Prefix.pch;
				GCC_VERSION = com.apple.compilers.llvm.clang.1_0;
				INFOPLIST_FILE = "iNalyzer5-Info.plist";
				IPHONEOS_DEPLOYMENT_TARGET = 6.0;
				LIBRARY_SEARCH_PATHS = (
					"$(inherited)",
					"\"$(SRCROOT)\"",
				);
				PRODUCT_NAME = iNalyzer5;
				VALIDATE_PRODUCT = YES;
			};
			name = Release;
		};
		C01FCF4F08A954540054247B /* Debug */ = {
			isa = XCBuildConfiguration;
			buildSettings = {
				ARCHS = (
					armv7,
					armv6,
				);
				CODE_SIGN_IDENTITY = "iPhone Developer";
				"CODE_SIGN_IDENTITY[sdk=iphoneos*]" = "iPhone Developer";
				GCC_C_LANGUAGE_STANDARD = c99;
				GCC_WARN_ABOUT_RETURN_TYPE = YES;
				GCC_WARN_UNUSED_VARIABLE = YES;
				"INSTALL_PATH[sdk=*]" = "";
				IPHONEOS_DEPLOYMENT_TARGET = 4.3;
				PRODUCT_NAME = /Users/_coredump/iNalyzer5;
				PROVISIONING_PROFILE = "";
				"PROVISIONING_PROFILE[sdk=iphoneos*]" = "";
				SDKROOT = iphoneos5.0;
			};
			name = Debug;
		};
		C01FCF5008A954540054247B /* Release */ = {
			isa = XCBuildConfiguration;
			buildSettings = {
				ARCHS = (
					armv7,
					armv6,
				);
				CODE_SIGN_IDENTITY = "iPhone Developer";
				"CODE_SIGN_IDENTITY[sdk=*]" = "";
				GCC_C_LANGUAGE_STANDARD = c99;
				GCC_WARN_ABOUT_RETURN_TYPE = YES;
				GCC_WARN_UNUSED_VARIABLE = YES;
				IPHONEOS_DEPLOYMENT_TARGET = 4.3;
				OTHER_CFLAGS = "-DNS_BLOCK_ASSERTIONS=1";
				PRODUCT_NAME = /Users/_coredump/iNalyzer5;
				PROVISIONING_PROFILE = "";
				SDKROOT = iphoneos5.0;
			};
			name = Release;
		};
/* End XCBuildConfiguration section */

/* Begin XCConfigurationList section */
		1D6058960D05DD3E006BFB54 /* Build configuration list for PBXNativeTarget "iNalyzer5" */ = {
			isa = XCConfigurationList;
			buildConfigurations = (
				1D6058940D05DD3E006BFB54 /* Debug */,
				1D6058950D05DD3E006BFB54 /* Release */,
			);
			defaultConfigurationIsVisible = 0;
			defaultConfigurationName = Release;
		};
		C01FCF4E08A954540054247B /* Build configuration list for PBXProject "iNalyzer5" */ = {
			isa = XCConfigurationList;
			buildConfigurations = (
				C01FCF4F08A954540054247B /* Debug */,
				C01FCF5008A954540054247B /* Release */,
			);
			defaultConfigurationIsVisible = 0;
			defaultConfigurationName = Release;
		};
/* End XCConfigurationList section */
	};
	rootObject = 29B97313FDCFA39411CA2CEA /* Project object */;
}
